PODS:
  - Flutter (1.0.0)
  - flutter_file_preview (0.0.1):
    - Flutter

DEPENDENCIES:
  - Flutter (from `Flutter`)
  - flutter_file_preview (from `.symlinks/plugins/flutter_file_preview/ios`)

EXTERNAL SOURCES:
  Flutter:
    :path: Flutter
  flutter_file_preview:
    :path: ".symlinks/plugins/flutter_file_preview/ios"

SPEC CHECKSUMS:
  Flutter: f04841e97a9d0b0a8025694d0796dd46242b2854
  flutter_file_preview: 293b4c5fe05816219ada921e266df3b5e8a59c4f

PODFILE CHECKSUM: 663715e941f9adb426e33bf9376914006f9ea95b

COCOAPODS: 1.11.3
