PODS:
  - Flutter (1.0.0)
  - flutter_file_preview (0.0.1):
    - Flutter

DEPENDENCIES:
  - Flutter (from `Flutter`)
  - flutter_file_preview (from `.symlinks/plugins/flutter_file_preview/ios`)

EXTERNAL SOURCES:
  Flutter:
    :path: Flutter
  flutter_file_preview:
    :path: ".symlinks/plugins/flutter_file_preview/ios"

SPEC CHECKSUMS:
  Flutter: 0e3d915762c693b495b44d77113d4970485de6ec
  flutter_file_preview: 293b4c5fe05816219ada921e266df3b5e8a59c4f

PODFILE CHECKSUM: 8e679eca47255a8ca8067c4c67aab20e64cb974d

COCOAPODS: 1.8.4
